// !$*UTF8*$!
{
	archiveVersion = 1;
	classes = {
	};
	objectVersion = 56;
	objects = {

/* Begin PBXBuildFile section */
		26905AEC2A438EC600E0D82D /* EmaProjectApp.swift in Sources */ = {isa = PBXBuildFile; fileRef = 26905AEB2A438EC600E0D82D /* EmaProjectApp.swift */; };
		26905AEE2A438EC600E0D82D /* ContentView.swift in Sources */ = {isa = PBXBuildFile; fileRef = 26905AED2A438EC600E0D82D /* ContentView.swift */; };
		26905AF02A438EC700E0D82D /* Assets.xcassets in Resources */ = {isa = PBXBuildFile; fileRef = 26905AEF2A438EC700E0D82D /* Assets.xcassets */; };
		26905AF32A438EC700E0D82D /* Preview Assets.xcassets in Resources */ = {isa = PBXBuildFile; fileRef = 26905AF22A438EC700E0D82D /* Preview Assets.xcassets */; };
		26905AFA2A43939A00E0D82D /* DrinkRow.swift in Sources */ = {isa = PBXBuildFile; fileRef = 26905AF92A43939A00E0D82D /* DrinkRow.swift */; };
		26905AFC2A4393B700E0D82D /* Drink.swift in Sources */ = {isa = PBXBuildFile; fileRef = 26905AFB2A4393B700E0D82D /* Drink.swift */; };
		26905AFE2A439B1100E0D82D /* MenuDrinkType.swift in Sources */ = {isa = PBXBuildFile; fileRef = 26905AFD2A439B1100E0D82D /* MenuDrinkType.swift */; };
		26905B002A43A30F00E0D82D /* InfoPreparation.swift in Sources */ = {isa = PBXBuildFile; fileRef = 26905AFF2A43A30F00E0D82D /* InfoPreparation.swift */; };
		26905B022A43B69B00E0D82D /* IngredientsView.swift in Sources */ = {isa = PBXBuildFile; fileRef = 26905B012A43B69B00E0D82D /* IngredientsView.swift */; };
/* End PBXBuildFile section */

/* Begin PBXFileReference section */
		26905AE82A438EC600E0D82D /* EmaProject.app */ = {isa = PBXFileReference; explicitFileType = wrapper.application; includeInIndex = 0; path = EmaProject.app; sourceTree = BUILT_PRODUCTS_DIR; };
		26905AEB2A438EC600E0D82D /* EmaProjectApp.swift */ = {isa = PBXFileReference; lastKnownFileType = sourcecode.swift; path = EmaProjectApp.swift; sourceTree = "<group>"; };
		26905AED2A438EC600E0D82D /* ContentView.swift */ = {isa = PBXFileReference; lastKnownFileType = sourcecode.swift; path = ContentView.swift; sourceTree = "<group>"; };
		26905AEF2A438EC700E0D82D /* Assets.xcassets */ = {isa = PBXFileReference; lastKnownFileType = folder.assetcatalog; path = Assets.xcassets; sourceTree = "<group>"; };
		26905AF22A438EC700E0D82D /* Preview Assets.xcassets */ = {isa = PBXFileReference; lastKnownFileType = folder.assetcatalog; path = "Preview Assets.xcassets"; sourceTree = "<group>"; };
		26905AF92A43939A00E0D82D /* DrinkRow.swift */ = {isa = PBXFileReference; lastKnownFileType = sourcecode.swift; path = DrinkRow.swift; sourceTree = "<group>"; };
		26905AFB2A4393B700E0D82D /* Drink.swift */ = {isa = PBXFileReference; lastKnownFileType = sourcecode.swift; path = Drink.swift; sourceTree = "<group>"; };
		26905AFD2A439B1100E0D82D /* MenuDrinkType.swift */ = {isa = PBXFileReference; lastKnownFileType = sourcecode.swift; path = MenuDrinkType.swift; sourceTree = "<group>"; };
		26905AFF2A43A30F00E0D82D /* InfoPreparation.swift */ = {isa = PBXFileReference; lastKnownFileType = sourcecode.swift; path = InfoPreparation.swift; sourceTree = "<group>"; };
		26905B012A43B69B00E0D82D /* IngredientsView.swift */ = {isa = PBXFileReference; lastKnownFileType = sourcecode.swift; path = IngredientsView.swift; sourceTree = "<group>"; };
/* End PBXFileReference section */

/* Begin PBXFrameworksBuildPhase section */
		26905AE52A438EC600E0D82D /* Frameworks */ = {
			isa = PBXFrameworksBuildPhase;
			buildActionMask = 2147483647;
			files = (
			);
			runOnlyForDeploymentPostprocessing = 0;
		};
/* End PBXFrameworksBuildPhase section */

/* Begin PBXGroup section */
		26905ADF2A438EC600E0D82D = {
			isa = PBXGroup;
			children = (
				26905AEA2A438EC600E0D82D /* EmaProject */,
				26905AE92A438EC600E0D82D /* Products */,
			);
			sourceTree = "<group>";
		};
		26905AE92A438EC600E0D82D /* Products */ = {
			isa = PBXGroup;
			children = (
				26905AE82A438EC600E0D82D /* EmaProject.app */,
			);
			name = Products;
			sourceTree = "<group>";
		};
		26905AEA2A438EC600E0D82D /* EmaProject */ = {
			isa = PBXGroup;
			children = (
				26905AEB2A438EC600E0D82D /* EmaProjectApp.swift */,
				26905AED2A438EC600E0D82D /* ContentView.swift */,
				26905AFB2A4393B700E0D82D /* Drink.swift */,
				26905AF92A43939A00E0D82D /* DrinkRow.swift */,
				26905B012A43B69B00E0D82D /* IngredientsView.swift */,
				26905AFD2A439B1100E0D82D /* MenuDrinkType.swift */,
				26905AFF2A43A30F00E0D82D /* InfoPreparation.swift */,
				26905AEF2A438EC700E0D82D /* Assets.xcassets */,
				26905AF12A438EC700E0D82D /* Preview Content */,
			);
			path = EmaProject;
			sourceTree = "<group>";
		};
		26905AF12A438EC700E0D82D /* Preview Content */ = {
			isa = PBXGroup;
			children = (
				26905AF22A438EC700E0D82D /* Preview Assets.xcassets */,
			);
			path = "Preview Content";
			sourceTree = "<group>";
		};
/* End PBXGroup section */

/* Begin PBXNativeTarget section */
		26905AE72A438EC600E0D82D /* EmaProject */ = {
			isa = PBXNativeTarget;
			buildConfigurationList = 26905AF62A438EC700E0D82D /* Build configuration list for PBXNativeTarget "EmaProject" */;
			buildPhases = (
				26905AE42A438EC600E0D82D /* Sources */,
				26905AE52A438EC600E0D82D /* Frameworks */,
				26905AE62A438EC600E0D82D /* Resources */,
			);
			buildRules = (
			);
			dependencies = (
			);
			name = EmaProject;
			productName = EmaProject;
			productReference = 26905AE82A438EC600E0D82D /* EmaProject.app */;
			productType = "com.apple.product-type.application";
		};
/* End PBXNativeTarget section */

/* Begin PBXProject section */
		26905AE02A438EC600E0D82D /* Project object */ = {
			isa = PBXProject;
			attributes = {
				BuildIndependentTargetsInParallel = 1;
				LastSwiftUpdateCheck = 1430;
				LastUpgradeCheck = 1430;
				TargetAttributes = {
					26905AE72A438EC600E0D82D = {
						CreatedOnToolsVersion = 14.3;
					};
				};
			};
			buildConfigurationList = 26905AE32A438EC600E0D82D /* Build configuration list for PBXProject "EmaProject" */;
			compatibilityVersion = "Xcode 14.0";
			developmentRegion = en;
			hasScannedForEncodings = 0;
			knownRegions = (
				en,
				Base,
			);
			mainGroup = 26905ADF2A438EC600E0D82D;
			productRefGroup = 26905AE92A438EC600E0D82D /* Products */;
			projectDirPath = "";
			projectRoot = "";
			targets = (
				26905AE72A438EC600E0D82D /* EmaProject */,
			);
		};
/* End PBXProject section */

/* Begin PBXResourcesBuildPhase section */
		26905AE62A438EC600E0D82D /* Resources */ = {
			isa = PBXResourcesBuildPhase;
			buildActionMask = 2147483647;
			files = (
				26905AF32A438EC700E0D82D /* Preview Assets.xcassets in Resources */,
				26905AF02A438EC700E0D82D /* Assets.xcassets in Resources */,
			);
			runOnlyForDeploymentPostprocessing = 0;
		};
/* End PBXResourcesBuildPhase section */

/* Begin PBXSourcesBuildPhase section */
		26905AE42A438EC600E0D82D /* Sources */ = {
			isa = PBXSourcesBuildPhase;
			buildActionMask = 2147483647;
			files = (
				26905AEE2A438EC600E0D82D /* ContentView.swift in Sources */,
				26905B002A43A30F00E0D82D /* InfoPreparation.swift in Sources */,
				26905AFA2A43939A00E0D82D /* DrinkRow.swift in Sources */,
				26905B022A43B69B00E0D82D /* IngredientsView.swift in Sources */,
				26905AFE2A439B1100E0D82D /* MenuDrinkType.swift in Sources */,
				26905AFC2A4393B700E0D82D /* Drink.swift in Sources */,
				26905AEC2A438EC600E0D82D /* EmaProjectApp.swift in Sources */,
			);
			runOnlyForDeploymentPostprocessing = 0;
		};
/* End PBXSourcesBuildPhase section */

/* Begin XCBuildConfiguration section */
		26905AF42A438EC700E0D82D /* Debug */ = {
			isa = XCBuildConfiguration;
			buildSettings = {
				ALWAYS_SEARCH_USER_PATHS = NO;
				CLANG_ANALYZER_NONNULL = YES;
				CLANG_ANALYZER_NUMBER_OBJECT_CONVERSION = YES_AGGRESSIVE;
				CLANG_CXX_LANGUAGE_STANDARD = "gnu++20";
				CLANG_ENABLE_MODULES = YES;
				CLANG_ENABLE_OBJC_ARC = YES;
				CLANG_ENABLE_OBJC_WEAK = YES;
				CLANG_WARN_BLOCK_CAPTURE_AUTORELEASING = YES;
				CLANG_WARN_BOOL_CONVERSION = YES;
				CLANG_WARN_COMMA = YES;
				CLANG_WARN_CONSTANT_CONVERSION = YES;
				CLANG_WARN_DEPRECATED_OBJC_IMPLEMENTATIONS = YES;
				CLANG_WARN_DIRECT_OBJC_ISA_USAGE = YES_ERROR;
				CLANG_WARN_DOCUMENTATION_COMMENTS = YES;
				CLANG_WARN_EMPTY_BODY = YES;
				CLANG_WARN_ENUM_CONVERSION = YES;
				CLANG_WARN_INFINITE_RECURSION = YES;
				CLANG_WARN_INT_CONVERSION = YES;
				CLANG_WARN_NON_LITERAL_NULL_CONVERSION = YES;
				CLANG_WARN_OBJC_IMPLICIT_RETAIN_SELF = YES;
				CLANG_WARN_OBJC_LITERAL_CONVERSION = YES;
				CLANG_WARN_OBJC_ROOT_CLASS = YES_ERROR;
				CLANG_WARN_QUOTED_INCLUDE_IN_FRAMEWORK_HEADER = YES;
				CLANG_WARN_RANGE_LOOP_ANALYSIS = YES;
				CLANG_WARN_STRICT_PROTOTYPES = YES;
				CLANG_WARN_SUSPICIOUS_MOVE = YES;
				CLANG_WARN_UNGUARDED_AVAILABILITY = YES_AGGRESSIVE;
				CLANG_WARN_UNREACHABLE_CODE = YES;
				CLANG_WARN__DUPLICATE_METHOD_MATCH = YES;
				COPY_PHASE_STRIP = NO;
				DEBUG_INFORMATION_FORMAT = dwarf;
				ENABLE_STRICT_OBJC_MSGSEND = YES;
				ENABLE_TESTABILITY = YES;
				GCC_C_LANGUAGE_STANDARD = gnu11;
				GCC_DYNAMIC_NO_PIC = NO;
				GCC_NO_COMMON_BLOCKS = YES;
				GCC_OPTIMIZATION_LEVEL = 0;
				GCC_PREPROCESSOR_DEFINITIONS = (
					"DEBUG=1",
					"$(inherited)",
				);
				GCC_WARN_64_TO_32_BIT_CONVERSION = YES;
				GCC_WARN_ABOUT_RETURN_TYPE = YES_ERROR;
				GCC_WARN_UNDECLARED_SELECTOR = YES;
				GCC_WARN_UNINITIALIZED_AUTOS = YES_AGGRESSIVE;
				GCC_WARN_UNUSED_FUNCTION = YES;
				GCC_WARN_UNUSED_VARIABLE = YES;
				IPHONEOS_DEPLOYMENT_TARGET = 16.4;
				MTL_ENABLE_DEBUG_INFO = INCLUDE_SOURCE;
				MTL_FAST_MATH = YES;
				ONLY_ACTIVE_ARCH = YES;
				SDKROOT = iphoneos;
				SWIFT_ACTIVE_COMPILATION_CONDITIONS = DEBUG;
				SWIFT_OPTIMIZATION_LEVEL = "-Onone";
			};
			name = Debug;
		};
		26905AF52A438EC700E0D82D /* Release */ = {
			isa = XCBuildConfiguration;
			buildSettings = {
				ALWAYS_SEARCH_USER_PATHS = NO;
				CLANG_ANALYZER_NONNULL = YES;
				CLANG_ANALYZER_NUMBER_OBJECT_CONVERSION = YES_AGGRESSIVE;
				CLANG_CXX_LANGUAGE_STANDARD = "gnu++20";
				CLANG_ENABLE_MODULES = YES;
				CLANG_ENABLE_OBJC_ARC = YES;
				CLANG_ENABLE_OBJC_WEAK = YES;
				CLANG_WARN_BLOCK_CAPTURE_AUTORELEASING = YES;
				CLANG_WARN_BOOL_CONVERSION = YES;
				CLANG_WARN_COMMA = YES;
				CLANG_WARN_CONSTANT_CONVERSION = YES;
				CLANG_WARN_DEPRECATED_OBJC_IMPLEMENTATIONS = YES;
				CLANG_WARN_DIRECT_OBJC_ISA_USAGE = YES_ERROR;
				CLANG_WARN_DOCUMENTATION_COMMENTS = YES;
				CLANG_WARN_EMPTY_BODY = YES;
				CLANG_WARN_ENUM_CONVERSION = YES;
				CLANG_WARN_INFINITE_RECURSION = YES;
				CLANG_WARN_INT_CONVERSION = YES;
				CLANG_WARN_NON_LITERAL_NULL_CONVERSION = YES;
				CLANG_WARN_OBJC_IMPLICIT_RETAIN_SELF = YES;
				CLANG_WARN_OBJC_LITERAL_CONVERSION = YES;
				CLANG_WARN_OBJC_ROOT_CLASS = YES_ERROR;
				CLANG_WARN_QUOTED_INCLUDE_IN_FRAMEWORK_HEADER = YES;
				CLANG_WARN_RANGE_LOOP_ANALYSIS = YES;
				CLANG_WARN_STRICT_PROTOTYPES = YES;
				CLANG_WARN_SUSPICIOUS_MOVE = YES;
				CLANG_WARN_UNGUARDED_AVAILABILITY = YES_AGGRESSIVE;
				CLANG_WARN_UNREACHABLE_CODE = YES;
				CLANG_WARN__DUPLICATE_METHOD_MATCH = YES;
				COPY_PHASE_STRIP = NO;
				DEBUG_INFORMATION_FORMAT = "dwarf-with-dsym";
				ENABLE_NS_ASSERTIONS = NO;
				ENABLE_STRICT_OBJC_MSGSEND = YES;
				GCC_C_LANGUAGE_STANDARD = gnu11;
				GCC_NO_COMMON_BLOCKS = YES;
				GCC_WARN_64_TO_32_BIT_CONVERSION = YES;
				GCC_WARN_ABOUT_RETURN_TYPE = YES_ERROR;
				GCC_WARN_UNDECLARED_SELECTOR = YES;
				GCC_WARN_UNINITIALIZED_AUTOS = YES_AGGRESSIVE;
				GCC_WARN_UNUSED_FUNCTION = YES;
				GCC_WARN_UNUSED_VARIABLE = YES;
				IPHONEOS_DEPLOYMENT_TARGET = 16.4;
				MTL_ENABLE_DEBUG_INFO = NO;
				MTL_FAST_MATH = YES;
				SDKROOT = iphoneos;
				SWIFT_COMPILATION_MODE = wholemodule;
				SWIFT_OPTIMIZATION_LEVEL = "-O";
				VALIDATE_PRODUCT = YES;
			};
			name = Release;
		};
		26905AF72A438EC700E0D82D /* Debug */ = {
			isa = XCBuildConfiguration;
			buildSettings = {
				ASSETCATALOG_COMPILER_APPICON_NAME = AppIcon;
				ASSETCATALOG_COMPILER_GLOBAL_ACCENT_COLOR_NAME = AccentColor;
				CODE_SIGN_STYLE = Automatic;
				CURRENT_PROJECT_VERSION = 1;
				DEVELOPMENT_ASSET_PATHS = "\"EmaProject/Preview Content\"";
				DEVELOPMENT_TEAM = DKM8HX28PF;
				ENABLE_PREVIEWS = YES;
				GENERATE_INFOPLIST_FILE = YES;
				INFOPLIST_KEY_UIApplicationSceneManifest_Generation = YES;
				INFOPLIST_KEY_UIApplicationSupportsIndirectInputEvents = YES;
				INFOPLIST_KEY_UILaunchScreen_Generation = YES;
				INFOPLIST_KEY_UISupportedInterfaceOrientations_iPad = "UIInterfaceOrientationPortrait UIInterfaceOrientationPortraitUpsideDown UIInterfaceOrientationLandscapeLeft UIInterfaceOrientationLandscapeRight";
				INFOPLIST_KEY_UISupportedInterfaceOrientations_iPhone = "UIInterfaceOrientationPortrait UIInterfaceOrientationLandscapeLeft UIInterfaceOrientationLandscapeRight";
				LD_RUNPATH_SEARCH_PATHS = (
					"$(inherited)",
					"@executable_path/Frameworks",
				);
				MARKETING_VERSION = 1.0;
				PRODUCT_BUNDLE_IDENTIFIER = Home.EmaProject;
				PRODUCT_NAME = "$(TARGET_NAME)";
				SWIFT_EMIT_LOC_STRINGS = YES;
				SWIFT_VERSION = 5.0;
				TARGETED_DEVICE_FAMILY = "1,2";
			};
			name = Debug;
		};
		26905AF82A438EC700E0D82D /* Release */ = {
			isa = XCBuildConfiguration;
			buildSettings = {
				ASSETCATALOG_COMPILER_APPICON_NAME = AppIcon;
				ASSETCATALOG_COMPILER_GLOBAL_ACCENT_COLOR_NAME = AccentColor;
				CODE_SIGN_STYLE = Automatic;
				CURRENT_PROJECT_VERSION = 1;
				DEVELOPMENT_ASSET_PATHS = "\"EmaProject/Preview Content\"";
				DEVELOPMENT_TEAM = DKM8HX28PF;
				ENABLE_PREVIEWS = YES;
				GENERATE_INFOPLIST_FILE = YES;
				INFOPLIST_KEY_UIApplicationSceneManifest_Generation = YES;
				INFOPLIST_KEY_UIApplicationSupportsIndirectInputEvents = YES;
				INFOPLIST_KEY_UILaunchScreen_Generation = YES;
				INFOPLIST_KEY_UISupportedInterfaceOrientations_iPad = "UIInterfaceOrientationPortrait UIInterfaceOrientationPortraitUpsideDown UIInterfaceOrientationLandscapeLeft UIInterfaceOrientationLandscapeRight";
				INFOPLIST_KEY_UISupportedInterfaceOrientations_iPhone = "UIInterfaceOrientationPortrait UIInterfaceOrientationLandscapeLeft UIInterfaceOrientationLandscapeRight";
				LD_RUNPATH_SEARCH_PATHS = (
					"$(inherited)",
					"@executable_path/Frameworks",
				);
				MARKETING_VERSION = 1.0;
				PRODUCT_BUNDLE_IDENTIFIER = Home.EmaProject;
				PRODUCT_NAME = "$(TARGET_NAME)";
				SWIFT_EMIT_LOC_STRINGS = YES;
				SWIFT_VERSION = 5.0;
				TARGETED_DEVICE_FAMILY = "1,2";
			};
			name = Release;
		};
/* End XCBuildConfiguration section */

/* Begin XCConfigurationList section */
		26905AE32A438EC600E0D82D /* Build configuration list for PBXProject "EmaProject" */ = {
			isa = XCConfigurationList;
			buildConfigurations = (
				26905AF42A438EC700E0D82D /* Debug */,
				26905AF52A438EC700E0D82D /* Release */,
			);
			defaultConfigurationIsVisible = 0;
			defaultConfigurationName = Release;
		};
		26905AF62A438EC700E0D82D /* Build configuration list for PBXNativeTarget "EmaProject" */ = {
			isa = XCConfigurationList;
			buildConfigurations = (
				26905AF72A438EC700E0D82D /* Debug */,
				26905AF82A438EC700E0D82D /* Release */,
			);
			defaultConfigurationIsVisible = 0;
			defaultConfigurationName = Release;
		};
/* End XCConfigurationList section */
	};
	rootObject = 26905AE02A438EC600E0D82D /* Project object */;
}
